// !$*UTF8*$!
{
	archiveVersion = 1;
	classes = {
	};
	objectVersion = 46;
	objects = {

/* Begin PBXBuildFile section */
		EC2264D01BF1DC4D00FBE928 /* YJChoicenessController.m in Sources */ = {isa = PBXBuildFile; fileRef = EC2264CF1BF1DC4D00FBE928 /* YJChoicenessController.m */; };
		EC2264D31BF1DC9700FBE928 /* YJHaiTaoController.m in Sources */ = {isa = PBXBuildFile; fileRef = EC2264D21BF1DC9700FBE928 /* YJHaiTaoController.m */; };
		EC2264D61BF1DCCA00FBE928 /* YJSportsController.m in Sources */ = {isa = PBXBuildFile; fileRef = EC2264D51BF1DCCA00FBE928 /* YJSportsController.m */; };
		EC24684FE8BF2FB8F10C6F2C /* libPods.a in Frameworks */ = {isa = PBXBuildFile; fileRef = E6CE216CBE24CF25529E17AC /* libPods.a */; };
		EC2A54CB1BEF9C19000984DF /* UIBarButtonItem+YJExpansion.m in Sources */ = {isa = PBXBuildFile; fileRef = EC2A54CA1BEF9C19000984DF /* UIBarButtonItem+YJExpansion.m */; };
		EC2A54CE1BEF9EED000984DF /* YJMeNavController.m in Sources */ = {isa = PBXBuildFile; fileRef = EC2A54CD1BEF9EED000984DF /* YJMeNavController.m */; };
		EC2A54D11BEFAC27000984DF /* UILabel+YJExpansion.m in Sources */ = {isa = PBXBuildFile; fileRef = EC2A54D01BEFAC27000984DF /* UILabel+YJExpansion.m */; };
		EC2A54D31BEFB0D0000984DF /* YJMeViewController.xib in Resources */ = {isa = PBXBuildFile; fileRef = EC2A54D21BEFB0D0000984DF /* YJMeViewController.xib */; };
		EC2A54D61BEFBD4B000984DF /* YJQuickLoginButton.m in Sources */ = {isa = PBXBuildFile; fileRef = EC2A54D51BEFBD4B000984DF /* YJQuickLoginButton.m */; };
		EC52BF491BF4C24000AB7BB7 /* YJAutoCell.m in Sources */ = {isa = PBXBuildFile; fileRef = EC52BF471BF4C24000AB7BB7 /* YJAutoCell.m */; };
		EC52BF4A1BF4C24000AB7BB7 /* YJAutoCell.xib in Resources */ = {isa = PBXBuildFile; fileRef = EC52BF481BF4C24000AB7BB7 /* YJAutoCell.xib */; };
		EC75EB731BEF216E00A32151 /* main.m in Sources */ = {isa = PBXBuildFile; fileRef = EC75EB721BEF216E00A32151 /* main.m */; };
		EC75EB7E1BEF216E00A32151 /* Assets.xcassets in Resources */ = {isa = PBXBuildFile; fileRef = EC75EB7D1BEF216E00A32151 /* Assets.xcassets */; };
		EC75EB8C1BEF216E00A32151 /* GiftsTests.m in Sources */ = {isa = PBXBuildFile; fileRef = EC75EB8B1BEF216E00A32151 /* GiftsTests.m */; };
		EC75EB971BEF216E00A32151 /* GiftsUITests.m in Sources */ = {isa = PBXBuildFile; fileRef = EC75EB961BEF216E00A32151 /* GiftsUITests.m */; };
		EC75EBC81BEF653D00A32151 /* YJMeViewController.m in Sources */ = {isa = PBXBuildFile; fileRef = EC75EBC71BEF653D00A32151 /* YJMeViewController.m */; };
		EC75EBCB1BEF654800A32151 /* YJHotViewController.m in Sources */ = {isa = PBXBuildFile; fileRef = EC75EBCA1BEF654800A32151 /* YJHotViewController.m */; };
		EC75EBCE1BEF655300A32151 /* YJGiftViewController.m in Sources */ = {isa = PBXBuildFile; fileRef = EC75EBCD1BEF655300A32151 /* YJGiftViewController.m */; };
		EC75EBD11BEF656500A32151 /* YJClssifyViewController.m in Sources */ = {isa = PBXBuildFile; fileRef = EC75EBD01BEF656500A32151 /* YJClssifyViewController.m */; };
		EC75EBD71BEF693300A32151 /* UIImage+YJImage.m in Sources */ = {isa = PBXBuildFile; fileRef = EC75EBD41BEF693300A32151 /* UIImage+YJImage.m */; };
		EC75EBD81BEF693300A32151 /* UIView+Frame.m in Sources */ = {isa = PBXBuildFile; fileRef = EC75EBD61BEF693300A32151 /* UIView+Frame.m */; };
		EC75EBDE1BEF74DF00A32151 /* YJMainNacController.m in Sources */ = {isa = PBXBuildFile; fileRef = EC75EBDD1BEF74DF00A32151 /* YJMainNacController.m */; };
		EC81AD811BF440FD00FF4B99 /* YJSliderView.m in Sources */ = {isa = PBXBuildFile; fileRef = EC81AD801BF440FD00FF4B99 /* YJSliderView.m */; };
		ECA762731BF3240C002494B8 /* YJChoicensCell.m in Sources */ = {isa = PBXBuildFile; fileRef = ECA762711BF3240C002494B8 /* YJChoicensCell.m */; };
		ECA762741BF3240C002494B8 /* YJChoicensCell.xib in Resources */ = {isa = PBXBuildFile; fileRef = ECA762721BF3240C002494B8 /* YJChoicensCell.xib */; };
		ECA762771BF32589002494B8 /* YJChoicenRowItem.m in Sources */ = {isa = PBXBuildFile; fileRef = ECA762761BF32589002494B8 /* YJChoicenRowItem.m */; };
		ECA7627A1BF33EB3002494B8 /* YJCellController.m in Sources */ = {isa = PBXBuildFile; fileRef = ECA762791BF33EB3002494B8 /* YJCellController.m */; };
		ECA7627E1BF356DF002494B8 /* YJCellController.xib in Resources */ = {isa = PBXBuildFile; fileRef = ECA7627D1BF356DF002494B8 /* YJCellController.xib */; };
		ECC2E5DC1BF243E300974835 /* YJChoicenessController.xib in Resources */ = {isa = PBXBuildFile; fileRef = ECC2E5DB1BF243E300974835 /* YJChoicenessController.xib */; };
		ECCFD3541BF4145600D33427 /* UIColor+YJExpansion.m in Sources */ = {isa = PBXBuildFile; fileRef = ECCFD3531BF4145600D33427 /* UIColor+YJExpansion.m */; };
		ECDC7E9B1BF03A1E001BA197 /* YJMassageSplitBarView.m in Sources */ = {isa = PBXBuildFile; fileRef = ECDC7E981BF03A1E001BA197 /* YJMassageSplitBarView.m */; };
		ECDC7E9C1BF03A1E001BA197 /* YJMassageSplitSV.m in Sources */ = {isa = PBXBuildFile; fileRef = ECDC7E9A1BF03A1E001BA197 /* YJMassageSplitSV.m */; };
		ECDC7EE11BF0687B001BA197 /* YJNormalViewCell.m in Sources */ = {isa = PBXBuildFile; fileRef = ECDC7EDF1BF0687B001BA197 /* YJNormalViewCell.m */; };
		ECDC7EE21BF0687B001BA197 /* YJNormalViewCell.xib in Resources */ = {isa = PBXBuildFile; fileRef = ECDC7EE01BF0687B001BA197 /* YJNormalViewCell.xib */; };
		ECDC7EE61BF0688F001BA197 /* YJLikeViewCell.m in Sources */ = {isa = PBXBuildFile; fileRef = ECDC7EE41BF0688F001BA197 /* YJLikeViewCell.m */; };
		ECDC7EE71BF0688F001BA197 /* YJLikeViewCell.xib in Resources */ = {isa = PBXBuildFile; fileRef = ECDC7EE51BF0688F001BA197 /* YJLikeViewCell.xib */; };
		ECDC7EEA1BF06CDC001BA197 /* YJMeRowCell.m in Sources */ = {isa = PBXBuildFile; fileRef = ECDC7EE91BF06CDC001BA197 /* YJMeRowCell.m */; };
		ECDC7EEF1BF07458001BA197 /* YJMeSectionCell.m in Sources */ = {isa = PBXBuildFile; fileRef = ECDC7EEE1BF07458001BA197 /* YJMeSectionCell.m */; };
		ECDC7EF11BF08B94001BA197 /* YJGiftViewController.xib in Resources */ = {isa = PBXBuildFile; fileRef = ECDC7EF01BF08B94001BA197 /* YJGiftViewController.xib */; };
		ECDC7EF41BF08DF9001BA197 /* YJAutoScrollerView.m in Sources */ = {isa = PBXBuildFile; fileRef = ECDC7EF31BF08DF9001BA197 /* YJAutoScrollerView.m */; };
		ECE6736F1BF4FAB80025AEFC /* UIButton+YJExpansion.m in Sources */ = {isa = PBXBuildFile; fileRef = ECE6736E1BF4FAB80025AEFC /* UIButton+YJExpansion.m */; };
		ECF7F2C31BF4B36200F99493 /* AppDelegate.m in Sources */ = {isa = PBXBuildFile; fileRef = ECF7F2C21BF4B36200F99493 /* AppDelegate.m */; };
		ECF7F2C61BF4B37F00F99493 /* YJMainController.m in Sources */ = {isa = PBXBuildFile; fileRef = ECF7F2C51BF4B37F00F99493 /* YJMainController.m */; };
/* End PBXBuildFile section */

/* Begin PBXContainerItemProxy section */
		EC75EB881BEF216E00A32151 /* PBXContainerItemProxy */ = {
			isa = PBXContainerItemProxy;
			containerPortal = EC75EB661BEF216E00A32151 /* Project object */;
			proxyType = 1;
			remoteGlobalIDString = EC75EB6D1BEF216E00A32151;
			remoteInfo = Gifts;
		};
		EC75EB931BEF216E00A32151 /* PBXContainerItemProxy */ = {
			isa = PBXContainerItemProxy;
			containerPortal = EC75EB661BEF216E00A32151 /* Project object */;
			proxyType = 1;
			remoteGlobalIDString = EC75EB6D1BEF216E00A32151;
			remoteInfo = Gifts;
		};
/* End PBXContainerItemProxy section */

/* Begin PBXFileReference section */
		186F5973D7B5688DCAA90618 /* Pods.debug.xcconfig */ = {isa = PBXFileReference; includeInIndex = 1; lastKnownFileType = text.xcconfig; name = Pods.debug.xcconfig; path = "Pods/Target Support Files/Pods/Pods.debug.xcconfig"; sourceTree = "<group>"; };
		9069FE3740872E3B5F7A89D2 /* Pods.release.xcconfig */ = {isa = PBXFileReference; includeInIndex = 1; lastKnownFileType = text.xcconfig; name = Pods.release.xcconfig; path = "Pods/Target Support Files/Pods/Pods.release.xcconfig"; sourceTree = "<group>"; };
		E6CE216CBE24CF25529E17AC /* libPods.a */ = {isa = PBXFileReference; explicitFileType = archive.ar; includeInIndex = 0; path = libPods.a; sourceTree = BUILT_PRODUCTS_DIR; };
		EC2264CE1BF1DC4D00FBE928 /* YJChoicenessController.h */ = {isa = PBXFileReference; fileEncoding = 4; lastKnownFileType = sourcecode.c.h; path = YJChoicenessController.h; sourceTree = "<group>"; };
		EC2264CF1BF1DC4D00FBE928 /* YJChoicenessController.m */ = {isa = PBXFileReference; fileEncoding = 4; lastKnownFileType = sourcecode.c.objc; path = YJChoicenessController.m; sourceTree = "<group>"; };
		EC2264D11BF1DC9700FBE928 /* YJHaiTaoController.h */ = {isa = PBXFileReference; fileEncoding = 4; lastKnownFileType = sourcecode.c.h; path = YJHaiTaoController.h; sourceTree = "<group>"; };
		EC2264D21BF1DC9700FBE928 /* YJHaiTaoController.m */ = {isa = PBXFileReference; fileEncoding = 4; lastKnownFileType = sourcecode.c.objc; path = YJHaiTaoController.m; sourceTree = "<group>"; };
		EC2264D41BF1DCCA00FBE928 /* YJSportsController.h */ = {isa = PBXFileReference; fileEncoding = 4; lastKnownFileType = sourcecode.c.h; path = YJSportsController.h; sourceTree = "<group>"; };
		EC2264D51BF1DCCA00FBE928 /* YJSportsController.m */ = {isa = PBXFileReference; fileEncoding = 4; lastKnownFileType = sourcecode.c.objc; path = YJSportsController.m; sourceTree = "<group>"; };
		EC2A54C91BEF9C19000984DF /* UIBarButtonItem+YJExpansion.h */ = {isa = PBXFileReference; fileEncoding = 4; lastKnownFileType = sourcecode.c.h; path = "UIBarButtonItem+YJExpansion.h"; sourceTree = "<group>"; };
		EC2A54CA1BEF9C19000984DF /* UIBarButtonItem+YJExpansion.m */ = {isa = PBXFileReference; fileEncoding = 4; lastKnownFileType = sourcecode.c.objc; path = "UIBarButtonItem+YJExpansion.m"; sourceTree = "<group>"; };
		EC2A54CC1BEF9EED000984DF /* YJMeNavController.h */ = {isa = PBXFileReference; fileEncoding = 4; lastKnownFileType = sourcecode.c.h; path = YJMeNavController.h; sourceTree = "<group>"; };
		EC2A54CD1BEF9EED000984DF /* YJMeNavController.m */ = {isa = PBXFileReference; fileEncoding = 4; lastKnownFileType = sourcecode.c.objc; path = YJMeNavController.m; sourceTree = "<group>"; };
		EC2A54CF1BEFAC27000984DF /* UILabel+YJExpansion.h */ = {isa = PBXFileReference; fileEncoding = 4; lastKnownFileType = sourcecode.c.h; path = "UILabel+YJExpansion.h"; sourceTree = "<group>"; };
		EC2A54D01BEFAC27000984DF /* UILabel+YJExpansion.m */ = {isa = PBXFileReference; fileEncoding = 4; lastKnownFileType = sourcecode.c.objc; path = "UILabel+YJExpansion.m"; sourceTree = "<group>"; };
		EC2A54D21BEFB0D0000984DF /* YJMeViewController.xib */ = {isa = PBXFileReference; fileEncoding = 4; lastKnownFileType = file.xib; path = YJMeViewController.xib; sourceTree = "<group>"; };
		EC2A54D41BEFBD4B000984DF /* YJQuickLoginButton.h */ = {isa = PBXFileReference; fileEncoding = 4; lastKnownFileType = sourcecode.c.h; name = YJQuickLoginButton.h; path = "../../Me——我/view/YJQuickLoginButton.h"; sourceTree = "<group>"; };
		EC2A54D51BEFBD4B000984DF /* YJQuickLoginButton.m */ = {isa = PBXFileReference; fileEncoding = 4; lastKnownFileType = sourcecode.c.objc; name = YJQuickLoginButton.m; path = "../../Me——我/view/YJQuickLoginButton.m"; sourceTree = "<group>"; };
		EC52BF461BF4C24000AB7BB7 /* YJAutoCell.h */ = {isa = PBXFileReference; fileEncoding = 4; lastKnownFileType = sourcecode.c.h; path = YJAutoCell.h; sourceTree = "<group>"; };
		EC52BF471BF4C24000AB7BB7 /* YJAutoCell.m */ = {isa = PBXFileReference; fileEncoding = 4; lastKnownFileType = sourcecode.c.objc; path = YJAutoCell.m; sourceTree = "<group>"; };
		EC52BF481BF4C24000AB7BB7 /* YJAutoCell.xib */ = {isa = PBXFileReference; fileEncoding = 4; lastKnownFileType = file.xib; path = YJAutoCell.xib; sourceTree = "<group>"; };
		EC75EB6E1BEF216E00A32151 /* Gifts.app */ = {isa = PBXFileReference; explicitFileType = wrapper.application; includeInIndex = 0; path = Gifts.app; sourceTree = BUILT_PRODUCTS_DIR; };
		EC75EB721BEF216E00A32151 /* main.m */ = {isa = PBXFileReference; lastKnownFileType = sourcecode.c.objc; path = main.m; sourceTree = "<group>"; };
		EC75EB7D1BEF216E00A32151 /* Assets.xcassets */ = {isa = PBXFileReference; lastKnownFileType = folder.assetcatalog; path = Assets.xcassets; sourceTree = "<group>"; };
		EC75EB821BEF216E00A32151 /* Info.plist */ = {isa = PBXFileReference; lastKnownFileType = text.plist.xml; path = Info.plist; sourceTree = "<group>"; };
		EC75EB871BEF216E00A32151 /* GiftsTests.xctest */ = {isa = PBXFileReference; explicitFileType = wrapper.cfbundle; includeInIndex = 0; path = GiftsTests.xctest; sourceTree = BUILT_PRODUCTS_DIR; };
		EC75EB8B1BEF216E00A32151 /* GiftsTests.m */ = {isa = PBXFileReference; lastKnownFileType = sourcecode.c.objc; path = GiftsTests.m; sourceTree = "<group>"; };
		EC75EB8D1BEF216E00A32151 /* Info.plist */ = {isa = PBXFileReference; lastKnownFileType = text.plist.xml; path = Info.plist; sourceTree = "<group>"; };
		EC75EB921BEF216E00A32151 /* GiftsUITests.xctest */ = {isa = PBXFileReference; explicitFileType = wrapper.cfbundle; includeInIndex = 0; path = GiftsUITests.xctest; sourceTree = BUILT_PRODUCTS_DIR; };
		EC75EB961BEF216E00A32151 /* GiftsUITests.m */ = {isa = PBXFileReference; lastKnownFileType = sourcecode.c.objc; path = GiftsUITests.m; sourceTree = "<group>"; };
		EC75EB981BEF216E00A32151 /* Info.plist */ = {isa = PBXFileReference; lastKnownFileType = text.plist.xml; path = Info.plist; sourceTree = "<group>"; };
		EC75EBC61BEF653D00A32151 /* YJMeViewController.h */ = {isa = PBXFileReference; fileEncoding = 4; lastKnownFileType = sourcecode.c.h; path = YJMeViewController.h; sourceTree = "<group>"; };
		EC75EBC71BEF653D00A32151 /* YJMeViewController.m */ = {isa = PBXFileReference; fileEncoding = 4; lastKnownFileType = sourcecode.c.objc; path = YJMeViewController.m; sourceTree = "<group>"; };
		EC75EBC91BEF654800A32151 /* YJHotViewController.h */ = {isa = PBXFileReference; fileEncoding = 4; lastKnownFileType = sourcecode.c.h; path = YJHotViewController.h; sourceTree = "<group>"; };
		EC75EBCA1BEF654800A32151 /* YJHotViewController.m */ = {isa = PBXFileReference; fileEncoding = 4; lastKnownFileType = sourcecode.c.objc; path = YJHotViewController.m; sourceTree = "<group>"; };
		EC75EBCC1BEF655300A32151 /* YJGiftViewController.h */ = {isa = PBXFileReference; fileEncoding = 4; lastKnownFileType = sourcecode.c.h; path = YJGiftViewController.h; sourceTree = "<group>"; };
		EC75EBCD1BEF655300A32151 /* YJGiftViewController.m */ = {isa = PBXFileReference; fileEncoding = 4; lastKnownFileType = sourcecode.c.objc; path = YJGiftViewController.m; sourceTree = "<group>"; };
		EC75EBCF1BEF656500A32151 /* YJClssifyViewController.h */ = {isa = PBXFileReference; fileEncoding = 4; lastKnownFileType = sourcecode.c.h; path = YJClssifyViewController.h; sourceTree = "<group>"; };
		EC75EBD01BEF656500A32151 /* YJClssifyViewController.m */ = {isa = PBXFileReference; fileEncoding = 4; lastKnownFileType = sourcecode.c.objc; path = YJClssifyViewController.m; sourceTree = "<group>"; };
		EC75EBD21BEF67DF00A32151 /* PrefixHeader.pch */ = {isa = PBXFileReference; lastKnownFileType = sourcecode.c.h; path = PrefixHeader.pch; sourceTree = "<group>"; };
		EC75EBD31BEF693300A32151 /* UIImage+YJImage.h */ = {isa = PBXFileReference; fileEncoding = 4; lastKnownFileType = sourcecode.c.h; path = "UIImage+YJImage.h"; sourceTree = "<group>"; };
		EC75EBD41BEF693300A32151 /* UIImage+YJImage.m */ = {isa = PBXFileReference; fileEncoding = 4; lastKnownFileType = sourcecode.c.objc; path = "UIImage+YJImage.m"; sourceTree = "<group>"; };
		EC75EBD51BEF693300A32151 /* UIView+Frame.h */ = {isa = PBXFileReference; fileEncoding = 4; lastKnownFileType = sourcecode.c.h; path = "UIView+Frame.h"; sourceTree = "<group>"; };
		EC75EBD61BEF693300A32151 /* UIView+Frame.m */ = {isa = PBXFileReference; fileEncoding = 4; lastKnownFileType = sourcecode.c.objc; path = "UIView+Frame.m"; sourceTree = "<group>"; };
		EC75EBDC1BEF74DF00A32151 /* YJMainNacController.h */ = {isa = PBXFileReference; fileEncoding = 4; lastKnownFileType = sourcecode.c.h; path = YJMainNacController.h; sourceTree = "<group>"; };
		EC75EBDD1BEF74DF00A32151 /* YJMainNacController.m */ = {isa = PBXFileReference; fileEncoding = 4; lastKnownFileType = sourcecode.c.objc; path = YJMainNacController.m; sourceTree = "<group>"; };
		EC81AD7F1BF440FD00FF4B99 /* YJSliderView.h */ = {isa = PBXFileReference; fileEncoding = 4; lastKnownFileType = sourcecode.c.h; path = YJSliderView.h; sourceTree = "<group>"; };
		EC81AD801BF440FD00FF4B99 /* YJSliderView.m */ = {isa = PBXFileReference; fileEncoding = 4; lastKnownFileType = sourcecode.c.objc; path = YJSliderView.m; sourceTree = "<group>"; };
		ECA762701BF3240C002494B8 /* YJChoicensCell.h */ = {isa = PBXFileReference; fileEncoding = 4; lastKnownFileType = sourcecode.c.h; path = YJChoicensCell.h; sourceTree = "<group>"; };
		ECA762711BF3240C002494B8 /* YJChoicensCell.m */ = {isa = PBXFileReference; fileEncoding = 4; lastKnownFileType = sourcecode.c.objc; path = YJChoicensCell.m; sourceTree = "<group>"; };
		ECA762721BF3240C002494B8 /* YJChoicensCell.xib */ = {isa = PBXFileReference; fileEncoding = 4; lastKnownFileType = file.xib; path = YJChoicensCell.xib; sourceTree = "<group>"; };
		ECA762751BF32589002494B8 /* YJChoicenRowItem.h */ = {isa = PBXFileReference; fileEncoding = 4; lastKnownFileType = sourcecode.c.h; path = YJChoicenRowItem.h; sourceTree = "<group>"; };
		ECA762761BF32589002494B8 /* YJChoicenRowItem.m */ = {isa = PBXFileReference; fileEncoding = 4; lastKnownFileType = sourcecode.c.objc; path = YJChoicenRowItem.m; sourceTree = "<group>"; };
		ECA762781BF33EB3002494B8 /* YJCellController.h */ = {isa = PBXFileReference; fileEncoding = 4; lastKnownFileType = sourcecode.c.h; name = YJCellController.h; path = "Gifts/Class/Gift——礼物说/YJCellController.h"; sourceTree = SOURCE_ROOT; };
		ECA762791BF33EB3002494B8 /* YJCellController.m */ = {isa = PBXFileReference; fileEncoding = 4; lastKnownFileType = sourcecode.c.objc; name = YJCellController.m; path = "Gifts/Class/Gift——礼物说/YJCellController.m"; sourceTree = SOURCE_ROOT; };
		ECA7627D1BF356DF002494B8 /* YJCellController.xib */ = {isa = PBXFileReference; fileEncoding = 4; lastKnownFileType = file.xib; path = YJCellController.xib; sourceTree = "<group>"; };
		ECC2E5DB1BF243E300974835 /* YJChoicenessController.xib */ = {isa = PBXFileReference; fileEncoding = 4; lastKnownFileType = file.xib; path = YJChoicenessController.xib; sourceTree = "<group>"; };
		ECCFD3521BF4145600D33427 /* UIColor+YJExpansion.h */ = {isa = PBXFileReference; fileEncoding = 4; lastKnownFileType = sourcecode.c.h; path = "UIColor+YJExpansion.h"; sourceTree = "<group>"; };
		ECCFD3531BF4145600D33427 /* UIColor+YJExpansion.m */ = {isa = PBXFileReference; fileEncoding = 4; lastKnownFileType = sourcecode.c.objc; path = "UIColor+YJExpansion.m"; sourceTree = "<group>"; };
		ECDC7E971BF03A1E001BA197 /* YJMassageSplitBarView.h */ = {isa = PBXFileReference; fileEncoding = 4; lastKnownFileType = sourcecode.c.h; path = YJMassageSplitBarView.h; sourceTree = "<group>"; };
		ECDC7E981BF03A1E001BA197 /* YJMassageSplitBarView.m */ = {isa = PBXFileReference; fileEncoding = 4; lastKnownFileType = sourcecode.c.objc; path = YJMassageSplitBarView.m; sourceTree = "<group>"; };
		ECDC7E991BF03A1E001BA197 /* YJMassageSplitSV.h */ = {isa = PBXFileReference; fileEncoding = 4; lastKnownFileType = sourcecode.c.h; path = YJMassageSplitSV.h; sourceTree = "<group>"; };
		ECDC7E9A1BF03A1E001BA197 /* YJMassageSplitSV.m */ = {isa = PBXFileReference; fileEncoding = 4; lastKnownFileType = sourcecode.c.objc; path = YJMassageSplitSV.m; sourceTree = "<group>"; };
		ECDC7EDE1BF0687B001BA197 /* YJNormalViewCell.h */ = {isa = PBXFileReference; fileEncoding = 4; lastKnownFileType = sourcecode.c.h; name = YJNormalViewCell.h; path = ../Controller/YJNormalViewCell.h; sourceTree = "<group>"; };
		ECDC7EDF1BF0687B001BA197 /* YJNormalViewCell.m */ = {isa = PBXFileReference; fileEncoding = 4; lastKnownFileType = sourcecode.c.objc; name = YJNormalViewCell.m; path = ../Controller/YJNormalViewCell.m; sourceTree = "<group>"; };
		ECDC7EE01BF0687B001BA197 /* YJNormalViewCell.xib */ = {isa = PBXFileReference; fileEncoding = 4; lastKnownFileType = file.xib; name = YJNormalViewCell.xib; path = ../Controller/YJNormalViewCell.xib; sourceTree = "<group>"; };
		ECDC7EE31BF0688F001BA197 /* YJLikeViewCell.h */ = {isa = PBXFileReference; fileEncoding = 4; lastKnownFileType = sourcecode.c.h; name = YJLikeViewCell.h; path = ../Controller/YJLikeViewCell.h; sourceTree = "<group>"; };
		ECDC7EE41BF0688F001BA197 /* YJLikeViewCell.m */ = {isa = PBXFileReference; fileEncoding = 4; lastKnownFileType = sourcecode.c.objc; name = YJLikeViewCell.m; path = ../Controller/YJLikeViewCell.m; sourceTree = "<group>"; };
		ECDC7EE51BF0688F001BA197 /* YJLikeViewCell.xib */ = {isa = PBXFileReference; fileEncoding = 4; lastKnownFileType = file.xib; name = YJLikeViewCell.xib; path = ../Controller/YJLikeViewCell.xib; sourceTree = "<group>"; };
		ECDC7EE81BF06CDC001BA197 /* YJMeRowCell.h */ = {isa = PBXFileReference; fileEncoding = 4; lastKnownFileType = sourcecode.c.h; path = YJMeRowCell.h; sourceTree = "<group>"; };
		ECDC7EE91BF06CDC001BA197 /* YJMeRowCell.m */ = {isa = PBXFileReference; fileEncoding = 4; lastKnownFileType = sourcecode.c.objc; path = YJMeRowCell.m; sourceTree = "<group>"; };
		ECDC7EED1BF07458001BA197 /* YJMeSectionCell.h */ = {isa = PBXFileReference; fileEncoding = 4; lastKnownFileType = sourcecode.c.h; path = YJMeSectionCell.h; sourceTree = "<group>"; };
		ECDC7EEE1BF07458001BA197 /* YJMeSectionCell.m */ = {isa = PBXFileReference; fileEncoding = 4; lastKnownFileType = sourcecode.c.objc; path = YJMeSectionCell.m; sourceTree = "<group>"; };
		ECDC7EF01BF08B94001BA197 /* YJGiftViewController.xib */ = {isa = PBXFileReference; fileEncoding = 4; lastKnownFileType = file.xib; path = YJGiftViewController.xib; sourceTree = "<group>"; };
		ECDC7EF21BF08DF9001BA197 /* YJAutoScrollerView.h */ = {isa = PBXFileReference; fileEncoding = 4; lastKnownFileType = sourcecode.c.h; name = YJAutoScrollerView.h; path = "../../Gift——礼物说/view/YJAutoScrollerView.h"; sourceTree = "<group>"; };
		ECDC7EF31BF08DF9001BA197 /* YJAutoScrollerView.m */ = {isa = PBXFileReference; fileEncoding = 4; lastKnownFileType = sourcecode.c.objc; name = YJAutoScrollerView.m; path = "../../Gift——礼物说/view/YJAutoScrollerView.m"; sourceTree = "<group>"; };
		ECE6736D1BF4FAB80025AEFC /* UIButton+YJExpansion.h */ = {isa = PBXFileReference; fileEncoding = 4; lastKnownFileType = sourcecode.c.h; path = "UIButton+YJExpansion.h"; sourceTree = "<group>"; };
		ECE6736E1BF4FAB80025AEFC /* UIButton+YJExpansion.m */ = {isa = PBXFileReference; fileEncoding = 4; lastKnownFileType = sourcecode.c.objc; path = "UIButton+YJExpansion.m"; sourceTree = "<group>"; };
		ECF7F2C11BF4B36200F99493 /* AppDelegate.h */ = {isa = PBXFileReference; fileEncoding = 4; lastKnownFileType = sourcecode.c.h; path = AppDelegate.h; sourceTree = "<group>"; };
		ECF7F2C21BF4B36200F99493 /* AppDelegate.m */ = {isa = PBXFileReference; fileEncoding = 4; lastKnownFileType = sourcecode.c.objc; path = AppDelegate.m; sourceTree = "<group>"; };
		ECF7F2C41BF4B37F00F99493 /* YJMainController.h */ = {isa = PBXFileReference; fileEncoding = 4; lastKnownFileType = sourcecode.c.h; path = YJMainController.h; sourceTree = "<group>"; };
		ECF7F2C51BF4B37F00F99493 /* YJMainController.m */ = {isa = PBXFileReference; fileEncoding = 4; lastKnownFileType = sourcecode.c.objc; path = YJMainController.m; sourceTree = "<group>"; };
/* End PBXFileReference section */

/* Begin PBXFrameworksBuildPhase section */
		EC75EB6B1BEF216E00A32151 /* Frameworks */ = {
			isa = PBXFrameworksBuildPhase;
			buildActionMask = 2147483647;
			files = (
				EC24684FE8BF2FB8F10C6F2C /* libPods.a in Frameworks */,
			);
			runOnlyForDeploymentPostprocessing = 0;
		};
		EC75EB841BEF216E00A32151 /* Frameworks */ = {
			isa = PBXFrameworksBuildPhase;
			buildActionMask = 2147483647;
			files = (
			);
			runOnlyForDeploymentPostprocessing = 0;
		};
		EC75EB8F1BEF216E00A32151 /* Frameworks */ = {
			isa = PBXFrameworksBuildPhase;
			buildActionMask = 2147483647;
			files = (
			);
			runOnlyForDeploymentPostprocessing = 0;
		};
/* End PBXFrameworksBuildPhase section */

/* Begin PBXGroup section */
		0FD428B6474FA81B5AED67DC /* Pods */ = {
			isa = PBXGroup;
			children = (
				186F5973D7B5688DCAA90618 /* Pods.debug.xcconfig */,
				9069FE3740872E3B5F7A89D2 /* Pods.release.xcconfig */,
			);
			name = Pods;
			sourceTree = "<group>";
		};
		5E1A16EEFBEBBBBFD747AABF /* Frameworks */ = {
			isa = PBXGroup;
			children = (
				E6CE216CBE24CF25529E17AC /* libPods.a */,
			);
			name = Frameworks;
			sourceTree = "<group>";
		};
		EC75EB651BEF216E00A32151 = {
			isa = PBXGroup;
			children = (
				EC75EB701BEF216E00A32151 /* Gifts */,
				EC75EB8A1BEF216E00A32151 /* GiftsTests */,
				EC75EB951BEF216E00A32151 /* GiftsUITests */,
				EC75EB6F1BEF216E00A32151 /* Products */,
				0FD428B6474FA81B5AED67DC /* Pods */,
				5E1A16EEFBEBBBBFD747AABF /* Frameworks */,
			);
			sourceTree = "<group>";
		};
		EC75EB6F1BEF216E00A32151 /* Products */ = {
			isa = PBXGroup;
			children = (
				EC75EB6E1BEF216E00A32151 /* Gifts.app */,
				EC75EB871BEF216E00A32151 /* GiftsTests.xctest */,
				EC75EB921BEF216E00A32151 /* GiftsUITests.xctest */,
			);
			name = Products;
			sourceTree = "<group>";
		};
		EC75EB701BEF216E00A32151 /* Gifts */ = {
			isa = PBXGroup;
			children = (
				EC75EBAA1BEF651E00A32151 /* Class */,
				EC75EB7D1BEF216E00A32151 /* Assets.xcassets */,
				EC75EB821BEF216E00A32151 /* Info.plist */,
				EC75EB711BEF216E00A32151 /* Supporting Files */,
			);
			path = Gifts;
			sourceTree = "<group>";
		};
		EC75EB711BEF216E00A32151 /* Supporting Files */ = {
			isa = PBXGroup;
			children = (
				EC75EB721BEF216E00A32151 /* main.m */,
			);
			name = "Supporting Files";
			sourceTree = "<group>";
		};
		EC75EB8A1BEF216E00A32151 /* GiftsTests */ = {
			isa = PBXGroup;
			children = (
				EC75EB8B1BEF216E00A32151 /* GiftsTests.m */,
				EC75EB8D1BEF216E00A32151 /* Info.plist */,
			);
			path = GiftsTests;
			sourceTree = "<group>";
		};
		EC75EB951BEF216E00A32151 /* GiftsUITests */ = {
			isa = PBXGroup;
			children = (
				EC75EB961BEF216E00A32151 /* GiftsUITests.m */,
				EC75EB981BEF216E00A32151 /* Info.plist */,
			);
			path = GiftsUITests;
			sourceTree = "<group>";
		};
		EC75EBAA1BEF651E00A32151 /* Class */ = {
			isa = PBXGroup;
			children = (
				EC75EBAB1BEF651E00A32151 /* Classify——分类 */,
				EC75EBAF1BEF651E00A32151 /* Gift——礼物说 */,
				EC75EBB31BEF651E00A32151 /* Hot——热门 */,
				EC75EBB71BEF651E00A32151 /* Me——我 */,
				EC75EBBB1BEF651E00A32151 /* Other */,
			);
			path = Class;
			sourceTree = "<group>";
		};
		EC75EBAB1BEF651E00A32151 /* Classify——分类 */ = {
			isa = PBXGroup;
			children = (
				EC75EBAC1BEF651E00A32151 /* Controller */,
				EC75EBAD1BEF651E00A32151 /* modal */,
				EC75EBAE1BEF651E00A32151 /* view */,
			);
			path = "Classify——分类";
			sourceTree = "<group>";
		};
		EC75EBAC1BEF651E00A32151 /* Controller */ = {
			isa = PBXGroup;
			children = (
				EC75EBCF1BEF656500A32151 /* YJClssifyViewController.h */,
				EC75EBD01BEF656500A32151 /* YJClssifyViewController.m */,
			);
			path = Controller;
			sourceTree = "<group>";
		};
		EC75EBAD1BEF651E00A32151 /* modal */ = {
			isa = PBXGroup;
			children = (
			);
			path = modal;
			sourceTree = "<group>";
		};
		EC75EBAE1BEF651E00A32151 /* view */ = {
			isa = PBXGroup;
			children = (
			);
			path = view;
			sourceTree = "<group>";
		};
		EC75EBAF1BEF651E00A32151 /* Gift——礼物说 */ = {
			isa = PBXGroup;
			children = (
				EC75EBB01BEF651E00A32151 /* Controller */,
				EC75EBB11BEF651E00A32151 /* modal */,
				EC75EBB21BEF651E00A32151 /* view */,
			);
			path = "Gift——礼物说";
			sourceTree = "<group>";
		};
		EC75EBB01BEF651E00A32151 /* Controller */ = {
			isa = PBXGroup;
			children = (
				EC75EBCC1BEF655300A32151 /* YJGiftViewController.h */,
				EC75EBCD1BEF655300A32151 /* YJGiftViewController.m */,
				ECDC7EF01BF08B94001BA197 /* YJGiftViewController.xib */,
				EC2264CE1BF1DC4D00FBE928 /* YJChoicenessController.h */,
				EC2264CF1BF1DC4D00FBE928 /* YJChoicenessController.m */,
				ECC2E5DB1BF243E300974835 /* YJChoicenessController.xib */,
				EC2264D11BF1DC9700FBE928 /* YJHaiTaoController.h */,
				EC2264D21BF1DC9700FBE928 /* YJHaiTaoController.m */,
				EC2264D41BF1DCCA00FBE928 /* YJSportsController.h */,
				EC2264D51BF1DCCA00FBE928 /* YJSportsController.m */,
				ECA762781BF33EB3002494B8 /* YJCellController.h */,
				ECA762791BF33EB3002494B8 /* YJCellController.m */,
				ECA7627D1BF356DF002494B8 /* YJCellController.xib */,
			);
			path = Controller;
			sourceTree = "<group>";
		};
		EC75EBB11BEF651E00A32151 /* modal */ = {
			isa = PBXGroup;
			children = (
				ECA762751BF32589002494B8 /* YJChoicenRowItem.h */,
				ECA762761BF32589002494B8 /* YJChoicenRowItem.m */,
			);
			path = modal;
			sourceTree = "<group>";
		};
		EC75EBB21BEF651E00A32151 /* view */ = {
			isa = PBXGroup;
			children = (
				ECA762701BF3240C002494B8 /* YJChoicensCell.h */,
				ECA762711BF3240C002494B8 /* YJChoicensCell.m */,
				ECA762721BF3240C002494B8 /* YJChoicensCell.xib */,
				EC52BF461BF4C24000AB7BB7 /* YJAutoCell.h */,
				EC52BF471BF4C24000AB7BB7 /* YJAutoCell.m */,
				EC52BF481BF4C24000AB7BB7 /* YJAutoCell.xib */,
				EC81AD7F1BF440FD00FF4B99 /* YJSliderView.h */,
				EC81AD801BF440FD00FF4B99 /* YJSliderView.m */,
			);
			path = view;
			sourceTree = "<group>";
		};
		EC75EBB31BEF651E00A32151 /* Hot——热门 */ = {
			isa = PBXGroup;
			children = (
				EC75EBB41BEF651E00A32151 /* Controller */,
				EC75EBB51BEF651E00A32151 /* modal */,
				EC75EBB61BEF651E00A32151 /* view */,
			);
			path = "Hot——热门";
			sourceTree = "<group>";
		};
		EC75EBB41BEF651E00A32151 /* Controller */ = {
			isa = PBXGroup;
			children = (
				EC75EBC91BEF654800A32151 /* YJHotViewController.h */,
				EC75EBCA1BEF654800A32151 /* YJHotViewController.m */,
			);
			path = Controller;
			sourceTree = "<group>";
		};
		EC75EBB51BEF651E00A32151 /* modal */ = {
			isa = PBXGroup;
			children = (
			);
			path = modal;
			sourceTree = "<group>";
		};
		EC75EBB61BEF651E00A32151 /* view */ = {
			isa = PBXGroup;
			children = (
			);
			path = view;
			sourceTree = "<group>";
		};
		EC75EBB71BEF651E00A32151 /* Me——我 */ = {
			isa = PBXGroup;
			children = (
				EC75EBB81BEF651E00A32151 /* Controller */,
				EC75EBB91BEF651E00A32151 /* modal */,
				EC75EBBA1BEF651E00A32151 /* view */,
			);
			path = "Me——我";
			sourceTree = "<group>";
		};
		EC75EBB81BEF651E00A32151 /* Controller */ = {
			isa = PBXGroup;
			children = (
				EC75EBC61BEF653D00A32151 /* YJMeViewController.h */,
				EC75EBC71BEF653D00A32151 /* YJMeViewController.m */,
				EC2A54D21BEFB0D0000984DF /* YJMeViewController.xib */,
				EC2A54CC1BEF9EED000984DF /* YJMeNavController.h */,
				EC2A54CD1BEF9EED000984DF /* YJMeNavController.m */,
			);
			path = Controller;
			sourceTree = "<group>";
		};
		EC75EBB91BEF651E00A32151 /* modal */ = {
			isa = PBXGroup;
			children = (
				ECDC7EE81BF06CDC001BA197 /* YJMeRowCell.h */,
				ECDC7EE91BF06CDC001BA197 /* YJMeRowCell.m */,
				ECDC7EED1BF07458001BA197 /* YJMeSectionCell.h */,
				ECDC7EEE1BF07458001BA197 /* YJMeSectionCell.m */,
			);
			path = modal;
			sourceTree = "<group>";
		};
		EC75EBBA1BEF651E00A32151 /* view */ = {
			isa = PBXGroup;
			children = (
				ECDC7EDE1BF0687B001BA197 /* YJNormalViewCell.h */,
				ECDC7EDF1BF0687B001BA197 /* YJNormalViewCell.m */,
				ECDC7EE01BF0687B001BA197 /* YJNormalViewCell.xib */,
				ECDC7EE31BF0688F001BA197 /* YJLikeViewCell.h */,
				ECDC7EE41BF0688F001BA197 /* YJLikeViewCell.m */,
				ECDC7EE51BF0688F001BA197 /* YJLikeViewCell.xib */,
				ECDC7E971BF03A1E001BA197 /* YJMassageSplitBarView.h */,
				ECDC7E981BF03A1E001BA197 /* YJMassageSplitBarView.m */,
				ECDC7E991BF03A1E001BA197 /* YJMassageSplitSV.h */,
				ECDC7E9A1BF03A1E001BA197 /* YJMassageSplitSV.m */,
			);
			path = view;
			sourceTree = "<group>";
		};
		EC75EBBB1BEF651E00A32151 /* Other */ = {
			isa = PBXGroup;
			children = (
				ECF7F2C11BF4B36200F99493 /* AppDelegate.h */,
				ECF7F2C21BF4B36200F99493 /* AppDelegate.m */,
				EC75EBD21BEF67DF00A32151 /* PrefixHeader.pch */,
				EC75EBBE1BEF651E00A32151 /* calculator */,
				EC75EBBF1BEF651E00A32151 /* Controller */,
				EC75EBC21BEF651E00A32151 /* modal */,
				EC75EBC31BEF651E00A32151 /* view */,
			);
			path = Other;
			sourceTree = "<group>";
		};
		EC75EBBE1BEF651E00A32151 /* calculator */ = {
			isa = PBXGroup;
			children = (
				ECE6736D1BF4FAB80025AEFC /* UIButton+YJExpansion.h */,
				ECE6736E1BF4FAB80025AEFC /* UIButton+YJExpansion.m */,
				EC2A54C91BEF9C19000984DF /* UIBarButtonItem+YJExpansion.h */,
				EC2A54CA1BEF9C19000984DF /* UIBarButtonItem+YJExpansion.m */,
				EC75EBD31BEF693300A32151 /* UIImage+YJImage.h */,
				EC75EBD41BEF693300A32151 /* UIImage+YJImage.m */,
				EC75EBD51BEF693300A32151 /* UIView+Frame.h */,
				EC75EBD61BEF693300A32151 /* UIView+Frame.m */,
				EC2A54CF1BEFAC27000984DF /* UILabel+YJExpansion.h */,
				EC2A54D01BEFAC27000984DF /* UILabel+YJExpansion.m */,
				ECCFD3521BF4145600D33427 /* UIColor+YJExpansion.h */,
				ECCFD3531BF4145600D33427 /* UIColor+YJExpansion.m */,
			);
			path = calculator;
			sourceTree = "<group>";
		};
		EC75EBBF1BEF651E00A32151 /* Controller */ = {
			isa = PBXGroup;
			children = (
				ECF7F2C41BF4B37F00F99493 /* YJMainController.h */,
				ECF7F2C51BF4B37F00F99493 /* YJMainController.m */,
				EC75EBDC1BEF74DF00A32151 /* YJMainNacController.h */,
				EC75EBDD1BEF74DF00A32151 /* YJMainNacController.m */,
			);
			path = Controller;
			sourceTree = "<group>";
		};
		EC75EBC21BEF651E00A32151 /* modal */ = {
			isa = PBXGroup;
			children = (
			);
			path = modal;
			sourceTree = "<group>";
		};
		EC75EBC31BEF651E00A32151 /* view */ = {
			isa = PBXGroup;
			children = (
				EC2A54D41BEFBD4B000984DF /* YJQuickLoginButton.h */,
				EC2A54D51BEFBD4B000984DF /* YJQuickLoginButton.m */,
				ECDC7EF21BF08DF9001BA197 /* YJAutoScrollerView.h */,
				ECDC7EF31BF08DF9001BA197 /* YJAutoScrollerView.m */,
			);
			path = view;
			sourceTree = "<group>";
		};
/* End PBXGroup section */

/* Begin PBXNativeTarget section */
		EC75EB6D1BEF216E00A32151 /* Gifts */ = {
			isa = PBXNativeTarget;
			buildConfigurationList = EC75EB9B1BEF216E00A32151 /* Build configuration list for PBXNativeTarget "Gifts" */;
			buildPhases = (
				0B19913540975BE6C5BB489B /* Check Pods Manifest.lock */,
				EC75EB6A1BEF216E00A32151 /* Sources */,
				EC75EB6B1BEF216E00A32151 /* Frameworks */,
				EC75EB6C1BEF216E00A32151 /* Resources */,
				94F554FF97978DA7465AF2D6 /* Embed Pods Frameworks */,
				C60225793A633538BE2B3DD9 /* Copy Pods Resources */,
			);
			buildRules = (
			);
			dependencies = (
			);
			name = Gifts;
			productName = Gifts;
			productReference = EC75EB6E1BEF216E00A32151 /* Gifts.app */;
			productType = "com.apple.product-type.application";
		};
		EC75EB861BEF216E00A32151 /* GiftsTests */ = {
			isa = PBXNativeTarget;
			buildConfigurationList = EC75EB9E1BEF216E00A32151 /* Build configuration list for PBXNativeTarget "GiftsTests" */;
			buildPhases = (
				EC75EB831BEF216E00A32151 /* Sources */,
				EC75EB841BEF216E00A32151 /* Frameworks */,
				EC75EB851BEF216E00A32151 /* Resources */,
			);
			buildRules = (
			);
			dependencies = (
				EC75EB891BEF216E00A32151 /* PBXTargetDependency */,
			);
			name = GiftsTests;
			productName = GiftsTests;
			productReference = EC75EB871BEF216E00A32151 /* GiftsTests.xctest */;
			productType = "com.apple.product-type.bundle.unit-test";
		};
		EC75EB911BEF216E00A32151 /* GiftsUITests */ = {
			isa = PBXNativeTarget;
			buildConfigurationList = EC75EBA11BEF216E00A32151 /* Build configuration list for PBXNativeTarget "GiftsUITests" */;
			buildPhases = (
				EC75EB8E1BEF216E00A32151 /* Sources */,
				EC75EB8F1BEF216E00A32151 /* Frameworks */,
				EC75EB901BEF216E00A32151 /* Resources */,
			);
			buildRules = (
			);
			dependencies = (
				EC75EB941BEF216E00A32151 /* PBXTargetDependency */,
			);
			name = GiftsUITests;
			productName = GiftsUITests;
			productReference = EC75EB921BEF216E00A32151 /* GiftsUITests.xctest */;
			productType = "com.apple.product-type.bundle.ui-testing";
		};
/* End PBXNativeTarget section */

/* Begin PBXProject section */
		EC75EB661BEF216E00A32151 /* Project object */ = {
			isa = PBXProject;
			attributes = {
				CLASSPREFIX = YJ;
				LastUpgradeCheck = 0700;
				ORGANIZATIONNAME = yjadair;
				TargetAttributes = {
					EC75EB6D1BEF216E00A32151 = {
						CreatedOnToolsVersion = 7.0;
						DevelopmentTeam = 3UVR2BEBUP;
					};
					EC75EB861BEF216E00A32151 = {
						CreatedOnToolsVersion = 7.0;
						TestTargetID = EC75EB6D1BEF216E00A32151;
					};
					EC75EB911BEF216E00A32151 = {
						CreatedOnToolsVersion = 7.0;
						TestTargetID = EC75EB6D1BEF216E00A32151;
					};
				};
			};
			buildConfigurationList = EC75EB691BEF216E00A32151 /* Build configuration list for PBXProject "Gifts" */;
			compatibilityVersion = "Xcode 3.2";
			developmentRegion = English;
			hasScannedForEncodings = 0;
			knownRegions = (
				en,
				Base,
			);
			mainGroup = EC75EB651BEF216E00A32151;
			productRefGroup = EC75EB6F1BEF216E00A32151 /* Products */;
			projectDirPath = "";
			projectRoot = "";
			targets = (
				EC75EB6D1BEF216E00A32151 /* Gifts */,
				EC75EB861BEF216E00A32151 /* GiftsTests */,
				EC75EB911BEF216E00A32151 /* GiftsUITests */,
			);
		};
/* End PBXProject section */

/* Begin PBXResourcesBuildPhase section */
		EC75EB6C1BEF216E00A32151 /* Resources */ = {
			isa = PBXResourcesBuildPhase;
			buildActionMask = 2147483647;
			files = (
				ECA762741BF3240C002494B8 /* YJChoicensCell.xib in Resources */,
				ECDC7EF11BF08B94001BA197 /* YJGiftViewController.xib in Resources */,
				EC52BF4A1BF4C24000AB7BB7 /* YJAutoCell.xib in Resources */,
				ECDC7EE21BF0687B001BA197 /* YJNormalViewCell.xib in Resources */,
				EC75EB7E1BEF216E00A32151 /* Assets.xcassets in Resources */,
				ECA7627E1BF356DF002494B8 /* YJCellController.xib in Resources */,
				ECDC7EE71BF0688F001BA197 /* YJLikeViewCell.xib in Resources */,
				ECC2E5DC1BF243E300974835 /* YJChoicenessController.xib in Resources */,
				EC2A54D31BEFB0D0000984DF /* YJMeViewController.xib in Resources */,
			);
			runOnlyForDeploymentPostprocessing = 0;
		};
		EC75EB851BEF216E00A32151 /* Resources */ = {
			isa = PBXResourcesBuildPhase;
			buildActionMask = 2147483647;
			files = (
			);
			runOnlyForDeploymentPostprocessing = 0;
		};
		EC75EB901BEF216E00A32151 /* Resources */ = {
			isa = PBXResourcesBuildPhase;
			buildActionMask = 2147483647;
			files = (
			);
			runOnlyForDeploymentPostprocessing = 0;
		};
/* End PBXResourcesBuildPhase section */

/* Begin PBXShellScriptBuildPhase section */
		0B19913540975BE6C5BB489B /* Check Pods Manifest.lock */ = {
			isa = PBXShellScriptBuildPhase;
			buildActionMask = 2147483647;
			files = (
			);
			inputPaths = (
			);
			name = "Check Pods Manifest.lock";
			outputPaths = (
			);
			runOnlyForDeploymentPostprocessing = 0;
			shellPath = /bin/sh;
			shellScript = "diff \"${PODS_ROOT}/../Podfile.lock\" \"${PODS_ROOT}/Manifest.lock\" > /dev/null\nif [[ $? != 0 ]] ; then\n    cat << EOM\nerror: The sandbox is not in sync with the Podfile.lock. Run 'pod install' or update your CocoaPods installation.\nEOM\n    exit 1\nfi\n";
			showEnvVarsInLog = 0;
		};
		94F554FF97978DA7465AF2D6 /* Embed Pods Frameworks */ = {
			isa = PBXShellScriptBuildPhase;
			buildActionMask = 2147483647;
			files = (
			);
			inputPaths = (
			);
			name = "Embed Pods Frameworks";
			outputPaths = (
			);
			runOnlyForDeploymentPostprocessing = 0;
			shellPath = /bin/sh;
			shellScript = "\"${SRCROOT}/Pods/Target Support Files/Pods/Pods-frameworks.sh\"\n";
			showEnvVarsInLog = 0;
		};
		C60225793A633538BE2B3DD9 /* Copy Pods Resources */ = {
			isa = PBXShellScriptBuildPhase;
			buildActionMask = 2147483647;
			files = (
			);
			inputPaths = (
			);
			name = "Copy Pods Resources";
			outputPaths = (
			);
			runOnlyForDeploymentPostprocessing = 0;
			shellPath = /bin/sh;
			shellScript = "\"${SRCROOT}/Pods/Target Support Files/Pods/Pods-resources.sh\"\n";
			showEnvVarsInLog = 0;
		};
/* End PBXShellScriptBuildPhase section */

/* Begin PBXSourcesBuildPhase section */
		EC75EB6A1BEF216E00A32151 /* Sources */ = {
			isa = PBXSourcesBuildPhase;
			buildActionMask = 2147483647;
			files = (
				EC2A54D61BEFBD4B000984DF /* YJQuickLoginButton.m in Sources */,
				EC75EBD11BEF656500A32151 /* YJClssifyViewController.m in Sources */,
				ECDC7EE61BF0688F001BA197 /* YJLikeViewCell.m in Sources */,
				EC75EBCB1BEF654800A32151 /* YJHotViewController.m in Sources */,
				EC75EBD81BEF693300A32151 /* UIView+Frame.m in Sources */,
				ECDC7EE11BF0687B001BA197 /* YJNormalViewCell.m in Sources */,
				EC2A54CE1BEF9EED000984DF /* YJMeNavController.m in Sources */,
				ECCFD3541BF4145600D33427 /* UIColor+YJExpansion.m in Sources */,
				ECDC7E9C1BF03A1E001BA197 /* YJMassageSplitSV.m in Sources */,
				EC2264D61BF1DCCA00FBE928 /* YJSportsController.m in Sources */,
				ECDC7E9B1BF03A1E001BA197 /* YJMassageSplitBarView.m in Sources */,
				EC75EBDE1BEF74DF00A32151 /* YJMainNacController.m in Sources */,
				ECA762731BF3240C002494B8 /* YJChoicensCell.m in Sources */,
				EC2264D01BF1DC4D00FBE928 /* YJChoicenessController.m in Sources */,
				EC75EB731BEF216E00A32151 /* main.m in Sources */,
				EC2A54D11BEFAC27000984DF /* UILabel+YJExpansion.m in Sources */,
				ECF7F2C31BF4B36200F99493 /* AppDelegate.m in Sources */,
				EC52BF491BF4C24000AB7BB7 /* YJAutoCell.m in Sources */,
				EC75EBC81BEF653D00A32151 /* YJMeViewController.m in Sources */,
				EC75EBD71BEF693300A32151 /* UIImage+YJImage.m in Sources */,
				ECF7F2C61BF4B37F00F99493 /* YJMainController.m in Sources */,
				ECDC7EF41BF08DF9001BA197 /* YJAutoScrollerView.m in Sources */,
				ECDC7EEA1BF06CDC001BA197 /* YJMeRowCell.m in Sources */,
				ECA7627A1BF33EB3002494B8 /* YJCellController.m in Sources */,
				EC2A54CB1BEF9C19000984DF /* UIBarButtonItem+YJExpansion.m in Sources */,
				ECDC7EEF1BF07458001BA197 /* YJMeSectionCell.m in Sources */,
				EC75EBCE1BEF655300A32151 /* YJGiftViewController.m in Sources */,
				ECA762771BF32589002494B8 /* YJChoicenRowItem.m in Sources */,
				ECE6736F1BF4FAB80025AEFC /* UIButton+YJExpansion.m in Sources */,
				EC2264D31BF1DC9700FBE928 /* YJHaiTaoController.m in Sources */,
				EC81AD811BF440FD00FF4B99 /* YJSliderView.m in Sources */,
			);
			runOnlyForDeploymentPostprocessing = 0;
		};
		EC75EB831BEF216E00A32151 /* Sources */ = {
			isa = PBXSourcesBuildPhase;
			buildActionMask = 2147483647;
			files = (
				EC75EB8C1BEF216E00A32151 /* GiftsTests.m in Sources */,
			);
			runOnlyForDeploymentPostprocessing = 0;
		};
		EC75EB8E1BEF216E00A32151 /* Sources */ = {
			isa = PBXSourcesBuildPhase;
			buildActionMask = 2147483647;
			files = (
				EC75EB971BEF216E00A32151 /* GiftsUITests.m in Sources */,
			);
			runOnlyForDeploymentPostprocessing = 0;
		};
/* End PBXSourcesBuildPhase section */

/* Begin PBXTargetDependency section */
		EC75EB891BEF216E00A32151 /* PBXTargetDependency */ = {
			isa = PBXTargetDependency;
			target = EC75EB6D1BEF216E00A32151 /* Gifts */;
			targetProxy = EC75EB881BEF216E00A32151 /* PBXContainerItemProxy */;
		};
		EC75EB941BEF216E00A32151 /* PBXTargetDependency */ = {
			isa = PBXTargetDependency;
			target = EC75EB6D1BEF216E00A32151 /* Gifts */;
			targetProxy = EC75EB931BEF216E00A32151 /* PBXContainerItemProxy */;
		};
/* End PBXTargetDependency section */

/* Begin XCBuildConfiguration section */
		EC75EB991BEF216E00A32151 /* Debug */ = {
			isa = XCBuildConfiguration;
			buildSettings = {
				ALWAYS_SEARCH_USER_PATHS = NO;
				CLANG_CXX_LANGUAGE_STANDARD = "gnu++0x";
				CLANG_CXX_LIBRARY = "libc++";
				CLANG_ENABLE_MODULES = YES;
				CLANG_ENABLE_OBJC_ARC = YES;
				CLANG_WARN_BOOL_CONVERSION = YES;
				CLANG_WARN_CONSTANT_CONVERSION = YES;
				CLANG_WARN_DIRECT_OBJC_ISA_USAGE = YES_ERROR;
				CLANG_WARN_EMPTY_BODY = YES;
				CLANG_WARN_ENUM_CONVERSION = YES;
				CLANG_WARN_INT_CONVERSION = YES;
				CLANG_WARN_OBJC_ROOT_CLASS = YES_ERROR;
				CLANG_WARN_UNREACHABLE_CODE = YES;
				CLANG_WARN__DUPLICATE_METHOD_MATCH = YES;
				"CODE_SIGN_IDENTITY[sdk=iphoneos*]" = "iPhone Developer";
				COPY_PHASE_STRIP = NO;
				DEBUG_INFORMATION_FORMAT = dwarf;
				ENABLE_STRICT_OBJC_MSGSEND = YES;
				ENABLE_TESTABILITY = YES;
				GCC_C_LANGUAGE_STANDARD = gnu99;
				GCC_DYNAMIC_NO_PIC = NO;
				GCC_NO_COMMON_BLOCKS = YES;
				GCC_OPTIMIZATION_LEVEL = 0;
				GCC_PREPROCESSOR_DEFINITIONS = (
					"DEBUG=1",
					"$(inherited)",
				);
				GCC_WARN_64_TO_32_BIT_CONVERSION = YES;
				GCC_WARN_ABOUT_RETURN_TYPE = YES_ERROR;
				GCC_WARN_UNDECLARED_SELECTOR = YES;
				GCC_WARN_UNINITIALIZED_AUTOS = YES_AGGRESSIVE;
				GCC_WARN_UNUSED_FUNCTION = YES;
				GCC_WARN_UNUSED_VARIABLE = YES;
				IPHONEOS_DEPLOYMENT_TARGET = 9.0;
				MTL_ENABLE_DEBUG_INFO = YES;
				ONLY_ACTIVE_ARCH = YES;
				SDKROOT = iphoneos;
			};
			name = Debug;
		};
		EC75EB9A1BEF216E00A32151 /* Release */ = {
			isa = XCBuildConfiguration;
			buildSettings = {
				ALWAYS_SEARCH_USER_PATHS = NO;
				CLANG_CXX_LANGUAGE_STANDARD = "gnu++0x";
				CLANG_CXX_LIBRARY = "libc++";
				CLANG_ENABLE_MODULES = YES;
				CLANG_ENABLE_OBJC_ARC = YES;
				CLANG_WARN_BOOL_CONVERSION = YES;
				CLANG_WARN_CONSTANT_CONVERSION = YES;
				CLANG_WARN_DIRECT_OBJC_ISA_USAGE = YES_ERROR;
				CLANG_WARN_EMPTY_BODY = YES;
				CLANG_WARN_ENUM_CONVERSION = YES;
				CLANG_WARN_INT_CONVERSION = YES;
				CLANG_WARN_OBJC_ROOT_CLASS = YES_ERROR;
				CLANG_WARN_UNREACHABLE_CODE = YES;
				CLANG_WARN__DUPLICATE_METHOD_MATCH = YES;
				"CODE_SIGN_IDENTITY[sdk=iphoneos*]" = "iPhone Developer";
				COPY_PHASE_STRIP = NO;
				DEBUG_INFORMATION_FORMAT = "dwarf-with-dsym";
				ENABLE_NS_ASSERTIONS = NO;
				ENABLE_STRICT_OBJC_MSGSEND = YES;
				GCC_C_LANGUAGE_STANDARD = gnu99;
				GCC_NO_COMMON_BLOCKS = YES;
				GCC_WARN_64_TO_32_BIT_CONVERSION = YES;
				GCC_WARN_ABOUT_RETURN_TYPE = YES_ERROR;
				GCC_WARN_UNDECLARED_SELECTOR = YES;
				GCC_WARN_UNINITIALIZED_AUTOS = YES_AGGRESSIVE;
				GCC_WARN_UNUSED_FUNCTION = YES;
				GCC_WARN_UNUSED_VARIABLE = YES;
				IPHONEOS_DEPLOYMENT_TARGET = 9.0;
				MTL_ENABLE_DEBUG_INFO = NO;
				SDKROOT = iphoneos;
				VALIDATE_PRODUCT = YES;
			};
			name = Release;
		};
		EC75EB9C1BEF216E00A32151 /* Debug */ = {
			isa = XCBuildConfiguration;
			baseConfigurationReference = 186F5973D7B5688DCAA90618 /* Pods.debug.xcconfig */;
			buildSettings = {
				ASSETCATALOG_COMPILER_APPICON_NAME = AppIcon;
				ASSETCATALOG_COMPILER_LAUNCHIMAGE_NAME = BrandAsset;
				CODE_SIGN_IDENTITY = "iPhone Developer";
				GCC_PREFIX_HEADER = Gifts/Class/Other/PrefixHeader.pch;
				INFOPLIST_FILE = Gifts/Info.plist;
				LD_RUNPATH_SEARCH_PATHS = "$(inherited) @executable_path/Frameworks";
				PRODUCT_BUNDLE_IDENTIFIER = com.gifts.Gifts;
				PRODUCT_NAME = "$(TARGET_NAME)";
			};
			name = Debug;
		};
		EC75EB9D1BEF216E00A32151 /* Release */ = {
			isa = XCBuildConfiguration;
			baseConfigurationReference = 9069FE3740872E3B5F7A89D2 /* Pods.release.xcconfig */;
			buildSettings = {
				ASSETCATALOG_COMPILER_APPICON_NAME = AppIcon;
				ASSETCATALOG_COMPILER_LAUNCHIMAGE_NAME = BrandAsset;
				CODE_SIGN_IDENTITY = "iPhone Developer";
				GCC_PREFIX_HEADER = Gifts/Class/Other/PrefixHeader.pch;
				INFOPLIST_FILE = Gifts/Info.plist;
				LD_RUNPATH_SEARCH_PATHS = "$(inherited) @executable_path/Frameworks";
				PRODUCT_BUNDLE_IDENTIFIER = com.gifts.Gifts;
				PRODUCT_NAME = "$(TARGET_NAME)";
			};
			name = Release;
		};
		EC75EB9F1BEF216E00A32151 /* Debug */ = {
			isa = XCBuildConfiguration;
			buildSettings = {
				BUNDLE_LOADER = "$(TEST_HOST)";
				INFOPLIST_FILE = GiftsTests/Info.plist;
				LD_RUNPATH_SEARCH_PATHS = "$(inherited) @executable_path/Frameworks @loader_path/Frameworks";
				PRODUCT_BUNDLE_IDENTIFIER = com.gifts.GiftsTests;
				PRODUCT_NAME = "$(TARGET_NAME)";
				TEST_HOST = "$(BUILT_PRODUCTS_DIR)/Gifts.app/Gifts";
			};
			name = Debug;
		};
		EC75EBA01BEF216E00A32151 /* Release */ = {
			isa = XCBuildConfiguration;
			buildSettings = {
				BUNDLE_LOADER = "$(TEST_HOST)";
				INFOPLIST_FILE = GiftsTests/Info.plist;
				LD_RUNPATH_SEARCH_PATHS = "$(inherited) @executable_path/Frameworks @loader_path/Frameworks";
				PRODUCT_BUNDLE_IDENTIFIER = com.gifts.GiftsTests;
				PRODUCT_NAME = "$(TARGET_NAME)";
				TEST_HOST = "$(BUILT_PRODUCTS_DIR)/Gifts.app/Gifts";
			};
			name = Release;
		};
		EC75EBA21BEF216E00A32151 /* Debug */ = {
			isa = XCBuildConfiguration;
			buildSettings = {
				INFOPLIST_FILE = GiftsUITests/Info.plist;
				LD_RUNPATH_SEARCH_PATHS = "$(inherited) @executable_path/Frameworks @loader_path/Frameworks";
				PRODUCT_BUNDLE_IDENTIFIER = com.gifts.GiftsUITests;
				PRODUCT_NAME = "$(TARGET_NAME)";
				TEST_TARGET_NAME = Gifts;
				USES_XCTRUNNER = YES;
			};
			name = Debug;
		};
		EC75EBA31BEF216E00A32151 /* Release */ = {
			isa = XCBuildConfiguration;
			buildSettings = {
				INFOPLIST_FILE = GiftsUITests/Info.plist;
				LD_RUNPATH_SEARCH_PATHS = "$(inherited) @executable_path/Frameworks @loader_path/Frameworks";
				PRODUCT_BUNDLE_IDENTIFIER = com.gifts.GiftsUITests;
				PRODUCT_NAME = "$(TARGET_NAME)";
				TEST_TARGET_NAME = Gifts;
				USES_XCTRUNNER = YES;
			};
			name = Release;
		};
/* End XCBuildConfiguration section */

/* Begin XCConfigurationList section */
		EC75EB691BEF216E00A32151 /* Build configuration list for PBXProject "Gifts" */ = {
			isa = XCConfigurationList;
			buildConfigurations = (
				EC75EB991BEF216E00A32151 /* Debug */,
				EC75EB9A1BEF216E00A32151 /* Release */,
			);
			defaultConfigurationIsVisible = 0;
			defaultConfigurationName = Release;
		};
		EC75EB9B1BEF216E00A32151 /* Build configuration list for PBXNativeTarget "Gifts" */ = {
			isa = XCConfigurationList;
			buildConfigurations = (
				EC75EB9C1BEF216E00A32151 /* Debug */,
				EC75EB9D1BEF216E00A32151 /* Release */,
			);
			defaultConfigurationIsVisible = 0;
			defaultConfigurationName = Release;
		};
		EC75EB9E1BEF216E00A32151 /* Build configuration list for PBXNativeTarget "GiftsTests" */ = {
			isa = XCConfigurationList;
			buildConfigurations = (
				EC75EB9F1BEF216E00A32151 /* Debug */,
				EC75EBA01BEF216E00A32151 /* Release */,
			);
			defaultConfigurationIsVisible = 0;
			defaultConfigurationName = Release;
		};
		EC75EBA11BEF216E00A32151 /* Build configuration list for PBXNativeTarget "GiftsUITests" */ = {
			isa = XCConfigurationList;
			buildConfigurations = (
				EC75EBA21BEF216E00A32151 /* Debug */,
				EC75EBA31BEF216E00A32151 /* Release */,
			);
			defaultConfigurationIsVisible = 0;
			defaultConfigurationName = Release;
		};
/* End XCConfigurationList section */
	};
	rootObject = EC75EB661BEF216E00A32151 /* Project object */;
}
